// !$*UTF8*$!
{
	archiveVersion = 1;
	classes = {
	};
	objectVersion = 51;
	objects = {

/* Begin PBXBuildFile section */
		866AAAA82618E141D87966B6 /* Pods_Messenger.framework in Frameworks */ = {isa = PBXBuildFile; fileRef = 10964CF9E4F08AAA066F9247 /* Pods_Messenger.framework */; };
		98176F11267C8693009B3B47 /* GoogleService-Info.plist in Resources */ = {isa = PBXBuildFile; fileRef = 98176F10267C8693009B3B47 /* GoogleService-Info.plist */; };
		98A196B1267B232300A4E694 /* AppDelegate.swift in Sources */ = {isa = PBXBuildFile; fileRef = 98A196B0267B232300A4E694 /* AppDelegate.swift */; };
		98A196B3267B232300A4E694 /* SceneDelegate.swift in Sources */ = {isa = PBXBuildFile; fileRef = 98A196B2267B232300A4E694 /* SceneDelegate.swift */; };
		98A196B8267B232300A4E694 /* Main.storyboard in Resources */ = {isa = PBXBuildFile; fileRef = 98A196B6267B232300A4E694 /* Main.storyboard */; };
		98A196BA267B232500A4E694 /* Assets.xcassets in Resources */ = {isa = PBXBuildFile; fileRef = 98A196B9267B232500A4E694 /* Assets.xcassets */; };
		98A196BD267B232500A4E694 /* LaunchScreen.storyboard in Resources */ = {isa = PBXBuildFile; fileRef = 98A196BB267B232500A4E694 /* LaunchScreen.storyboard */; };
		98A196CB267B241A00A4E694 /* WelcomeViewController.swift in Sources */ = {isa = PBXBuildFile; fileRef = 98A196C7267B241A00A4E694 /* WelcomeViewController.swift */; };
		98A196CC267B241A00A4E694 /* LoginViewController.swift in Sources */ = {isa = PBXBuildFile; fileRef = 98A196C8267B241A00A4E694 /* LoginViewController.swift */; };
		98A196CD267B241A00A4E694 /* RegisterViewController.swift in Sources */ = {isa = PBXBuildFile; fileRef = 98A196C9267B241A00A4E694 /* RegisterViewController.swift */; };
		98A196CE267B241A00A4E694 /* ChatViewController.swift in Sources */ = {isa = PBXBuildFile; fileRef = 98A196CA267B241A00A4E694 /* ChatViewController.swift */; };
/* End PBXBuildFile section */

/* Begin PBXFileReference section */
		10964CF9E4F08AAA066F9247 /* Pods_Messenger.framework */ = {isa = PBXFileReference; explicitFileType = wrapper.framework; includeInIndex = 0; path = Pods_Messenger.framework; sourceTree = BUILT_PRODUCTS_DIR; };
		98176F10267C8693009B3B47 /* GoogleService-Info.plist */ = {isa = PBXFileReference; fileEncoding = 4; lastKnownFileType = text.plist.xml; path = "GoogleService-Info.plist"; sourceTree = "<group>"; };
		98A196AD267B232300A4E694 /* Messenger.app */ = {isa = PBXFileReference; explicitFileType = wrapper.application; includeInIndex = 0; path = Messenger.app; sourceTree = BUILT_PRODUCTS_DIR; };
		98A196B0267B232300A4E694 /* AppDelegate.swift */ = {isa = PBXFileReference; lastKnownFileType = sourcecode.swift; path = AppDelegate.swift; sourceTree = "<group>"; };
		98A196B2267B232300A4E694 /* SceneDelegate.swift */ = {isa = PBXFileReference; lastKnownFileType = sourcecode.swift; path = SceneDelegate.swift; sourceTree = "<group>"; };
		98A196B7267B232300A4E694 /* Base */ = {isa = PBXFileReference; lastKnownFileType = file.storyboard; name = Base; path = Base.lproj/Main.storyboard; sourceTree = "<group>"; };
		98A196B9267B232500A4E694 /* Assets.xcassets */ = {isa = PBXFileReference; lastKnownFileType = folder.assetcatalog; path = Assets.xcassets; sourceTree = "<group>"; };
		98A196BC267B232500A4E694 /* Base */ = {isa = PBXFileReference; lastKnownFileType = file.storyboard; name = Base; path = Base.lproj/LaunchScreen.storyboard; sourceTree = "<group>"; };
		98A196BE267B232500A4E694 /* Info.plist */ = {isa = PBXFileReference; lastKnownFileType = text.plist.xml; path = Info.plist; sourceTree = "<group>"; };
		98A196C7267B241A00A4E694 /* WelcomeViewController.swift */ = {isa = PBXFileReference; fileEncoding = 4; lastKnownFileType = sourcecode.swift; path = WelcomeViewController.swift; sourceTree = "<group>"; };
		98A196C8267B241A00A4E694 /* LoginViewController.swift */ = {isa = PBXFileReference; fileEncoding = 4; lastKnownFileType = sourcecode.swift; path = LoginViewController.swift; sourceTree = "<group>"; };
		98A196C9267B241A00A4E694 /* RegisterViewController.swift */ = {isa = PBXFileReference; fileEncoding = 4; lastKnownFileType = sourcecode.swift; path = RegisterViewController.swift; sourceTree = "<group>"; };
		98A196CA267B241A00A4E694 /* ChatViewController.swift */ = {isa = PBXFileReference; fileEncoding = 4; lastKnownFileType = sourcecode.swift; path = ChatViewController.swift; sourceTree = "<group>"; };
		D4FA3EFFE36B44D9BBD82117 /* Pods-Messenger.debug.xcconfig */ = {isa = PBXFileReference; includeInIndex = 1; lastKnownFileType = text.xcconfig; name = "Pods-Messenger.debug.xcconfig"; path = "Target Support Files/Pods-Messenger/Pods-Messenger.debug.xcconfig"; sourceTree = "<group>"; };
		E2BC07D6E96D76ED7DB84FFC /* Pods-Messenger.release.xcconfig */ = {isa = PBXFileReference; includeInIndex = 1; lastKnownFileType = text.xcconfig; name = "Pods-Messenger.release.xcconfig"; path = "Target Support Files/Pods-Messenger/Pods-Messenger.release.xcconfig"; sourceTree = "<group>"; };
/* End PBXFileReference section */

/* Begin PBXFrameworksBuildPhase section */
		98A196AA267B232300A4E694 /* Frameworks */ = {
			isa = PBXFrameworksBuildPhase;
			buildActionMask = 2147483647;
			files = (
				866AAAA82618E141D87966B6 /* Pods_Messenger.framework in Frameworks */,
			);
			runOnlyForDeploymentPostprocessing = 0;
		};
/* End PBXFrameworksBuildPhase section */

/* Begin PBXGroup section */
		58CD4ADAE571BEFD6141893F /* Frameworks */ = {
			isa = PBXGroup;
			children = (
				10964CF9E4F08AAA066F9247 /* Pods_Messenger.framework */,
			);
			name = Frameworks;
			sourceTree = "<group>";
		};
		98A196A4267B232300A4E694 = {
			isa = PBXGroup;
			children = (
				98A196AF267B232300A4E694 /* Messenger */,
				98A196AE267B232300A4E694 /* Products */,
				A4817DE5C9D34348D9559E93 /* Pods */,
				58CD4ADAE571BEFD6141893F /* Frameworks */,
			);
			sourceTree = "<group>";
		};
		98A196AE267B232300A4E694 /* Products */ = {
			isa = PBXGroup;
			children = (
				98A196AD267B232300A4E694 /* Messenger.app */,
			);
			name = Products;
			sourceTree = "<group>";
		};
		98A196AF267B232300A4E694 /* Messenger */ = {
			isa = PBXGroup;
			children = (
				98A196C6267B23D300A4E694 /* Models */,
				98A196C5267B23CD00A4E694 /* Controllers */,
				98A196C4267B23C800A4E694 /* Views */,
				98A196B0267B232300A4E694 /* AppDelegate.swift */,
				98A196B2267B232300A4E694 /* SceneDelegate.swift */,
				98A196B9267B232500A4E694 /* Assets.xcassets */,
				98A196BE267B232500A4E694 /* Info.plist */,
				98176F10267C8693009B3B47 /* GoogleService-Info.plist */,
			);
			path = Messenger;
			sourceTree = "<group>";
		};
		98A196C4267B23C800A4E694 /* Views */ = {
			isa = PBXGroup;
			children = (
				98A196B6267B232300A4E694 /* Main.storyboard */,
				98A196BB267B232500A4E694 /* LaunchScreen.storyboard */,
			);
			path = Views;
			sourceTree = "<group>";
		};
		98A196C5267B23CD00A4E694 /* Controllers */ = {
			isa = PBXGroup;
			children = (
				98A196CA267B241A00A4E694 /* ChatViewController.swift */,
				98A196C8267B241A00A4E694 /* LoginViewController.swift */,
				98A196C9267B241A00A4E694 /* RegisterViewController.swift */,
				98A196C7267B241A00A4E694 /* WelcomeViewController.swift */,
			);
			path = Controllers;
			sourceTree = "<group>";
		};
		98A196C6267B23D300A4E694 /* Models */ = {
			isa = PBXGroup;
			children = (
			);
			path = Models;
			sourceTree = "<group>";
		};
		A4817DE5C9D34348D9559E93 /* Pods */ = {
			isa = PBXGroup;
			children = (
				D4FA3EFFE36B44D9BBD82117 /* Pods-Messenger.debug.xcconfig */,
				E2BC07D6E96D76ED7DB84FFC /* Pods-Messenger.release.xcconfig */,
			);
			path = Pods;
			sourceTree = "<group>";
		};
/* End PBXGroup section */

/* Begin PBXNativeTarget section */
		98A196AC267B232300A4E694 /* Messenger */ = {
			isa = PBXNativeTarget;
			buildConfigurationList = 98A196C1267B232500A4E694 /* Build configuration list for PBXNativeTarget "Messenger" */;
			buildPhases = (
				58E77226EF1EBC7C3EFA0FC6 /* [CP] Check Pods Manifest.lock */,
				98A196A9267B232300A4E694 /* Sources */,
				98A196AA267B232300A4E694 /* Frameworks */,
				98A196AB267B232300A4E694 /* Resources */,
				A42B6F72216B463770C82B8A /* [CP] Embed Pods Frameworks */,
			);
			buildRules = (
			);
			dependencies = (
			);
			name = Messenger;
			productName = Messenger;
			productReference = 98A196AD267B232300A4E694 /* Messenger.app */;
			productType = "com.apple.product-type.application";
		};
/* End PBXNativeTarget section */

/* Begin PBXProject section */
		98A196A5267B232300A4E694 /* Project object */ = {
			isa = PBXProject;
			attributes = {
				LastSwiftUpdateCheck = 1250;
				LastUpgradeCheck = 1250;
				TargetAttributes = {
					98A196AC267B232300A4E694 = {
						CreatedOnToolsVersion = 12.5;
					};
				};
			};
			buildConfigurationList = 98A196A8267B232300A4E694 /* Build configuration list for PBXProject "Messenger" */;
			compatibilityVersion = "Xcode 9.3";
			developmentRegion = en;
			hasScannedForEncodings = 0;
			knownRegions = (
				en,
				Base,
			);
			mainGroup = 98A196A4267B232300A4E694;
			productRefGroup = 98A196AE267B232300A4E694 /* Products */;
			projectDirPath = "";
			projectRoot = "";
			targets = (
				98A196AC267B232300A4E694 /* Messenger */,
			);
		};
/* End PBXProject section */

/* Begin PBXResourcesBuildPhase section */
		98A196AB267B232300A4E694 /* Resources */ = {
			isa = PBXResourcesBuildPhase;
			buildActionMask = 2147483647;
			files = (
				98A196BD267B232500A4E694 /* LaunchScreen.storyboard in Resources */,
				98176F11267C8693009B3B47 /* GoogleService-Info.plist in Resources */,
				98A196BA267B232500A4E694 /* Assets.xcassets in Resources */,
				98A196B8267B232300A4E694 /* Main.storyboard in Resources */,
			);
			runOnlyForDeploymentPostprocessing = 0;
		};
/* End PBXResourcesBuildPhase section */

/* Begin PBXShellScriptBuildPhase section */
		58E77226EF1EBC7C3EFA0FC6 /* [CP] Check Pods Manifest.lock */ = {
			isa = PBXShellScriptBuildPhase;
			buildActionMask = 2147483647;
			files = (
			);
			inputFileListPaths = (
			);
			inputPaths = (
				"${PODS_PODFILE_DIR_PATH}/Podfile.lock",
				"${PODS_ROOT}/Manifest.lock",
			);
			name = "[CP] Check Pods Manifest.lock";
			outputFileListPaths = (
			);
			outputPaths = (
				"$(DERIVED_FILE_DIR)/Pods-Messenger-checkManifestLockResult.txt",
			);
			runOnlyForDeploymentPostprocessing = 0;
			shellPath = /bin/sh;
			shellScript = "diff \"${PODS_PODFILE_DIR_PATH}/Podfile.lock\" \"${PODS_ROOT}/Manifest.lock\" > /dev/null\nif [ $? != 0 ] ; then\n    # print error to STDERR\n    echo \"error: The sandbox is not in sync with the Podfile.lock. Run 'pod install' or update your CocoaPods installation.\" >&2\n    exit 1\nfi\n# This output is used by Xcode 'outputs' to avoid re-running this script phase.\necho \"SUCCESS\" > \"${SCRIPT_OUTPUT_FILE_0}\"\n";
			showEnvVarsInLog = 0;
		};
		A42B6F72216B463770C82B8A /* [CP] Embed Pods Frameworks */ = {
			isa = PBXShellScriptBuildPhase;
			buildActionMask = 2147483647;
			files = (
			);
			inputFileListPaths = (
				"${PODS_ROOT}/Target Support Files/Pods-Messenger/Pods-Messenger-frameworks-${CONFIGURATION}-input-files.xcfilelist",
			);
			name = "[CP] Embed Pods Frameworks";
			outputFileListPaths = (
				"${PODS_ROOT}/Target Support Files/Pods-Messenger/Pods-Messenger-frameworks-${CONFIGURATION}-output-files.xcfilelist",
			);
			runOnlyForDeploymentPostprocessing = 0;
			shellPath = /bin/sh;
			shellScript = "\"${PODS_ROOT}/Target Support Files/Pods-Messenger/Pods-Messenger-frameworks.sh\"\n";
			showEnvVarsInLog = 0;
		};
/* End PBXShellScriptBuildPhase section */

/* Begin PBXSourcesBuildPhase section */
		98A196A9267B232300A4E694 /* Sources */ = {
			isa = PBXSourcesBuildPhase;
			buildActionMask = 2147483647;
			files = (
				98A196CB267B241A00A4E694 /* WelcomeViewController.swift in Sources */,
				98A196B1267B232300A4E694 /* AppDelegate.swift in Sources */,
				98A196CE267B241A00A4E694 /* ChatViewController.swift in Sources */,
				98A196CD267B241A00A4E694 /* RegisterViewController.swift in Sources */,
				98A196CC267B241A00A4E694 /* LoginViewController.swift in Sources */,
				98A196B3267B232300A4E694 /* SceneDelegate.swift in Sources */,
			);
			runOnlyForDeploymentPostprocessing = 0;
		};
/* End PBXSourcesBuildPhase section */

/* Begin PBXVariantGroup section */
		98A196B6267B232300A4E694 /* Main.storyboard */ = {
			isa = PBXVariantGroup;
			children = (
				98A196B7267B232300A4E694 /* Base */,
			);
			name = Main.storyboard;
			sourceTree = "<group>";
		};
		98A196BB267B232500A4E694 /* LaunchScreen.storyboard */ = {
			isa = PBXVariantGroup;
			children = (
				98A196BC267B232500A4E694 /* Base */,
			);
			name = LaunchScreen.storyboard;
			sourceTree = "<group>";
		};
/* End PBXVariantGroup section */

/* Begin XCBuildConfiguration section */
		98A196BF267B232500A4E694 /* Debug */ = {
			isa = XCBuildConfiguration;
			buildSettings = {
				ALWAYS_SEARCH_USER_PATHS = NO;
				CLANG_ANALYZER_NONNULL = YES;
				CLANG_ANALYZER_NUMBER_OBJECT_CONVERSION = YES_AGGRESSIVE;
				CLANG_CXX_LANGUAGE_STANDARD = "gnu++14";
				CLANG_CXX_LIBRARY = "libc++";
				CLANG_ENABLE_MODULES = YES;
				CLANG_ENABLE_OBJC_ARC = YES;
				CLANG_ENABLE_OBJC_WEAK = YES;
				CLANG_WARN_BLOCK_CAPTURE_AUTORELEASING = YES;
				CLANG_WARN_BOOL_CONVERSION = YES;
				CLANG_WARN_COMMA = YES;
				CLANG_WARN_CONSTANT_CONVERSION = YES;
				CLANG_WARN_DEPRECATED_OBJC_IMPLEMENTATIONS = YES;
				CLANG_WARN_DIRECT_OBJC_ISA_USAGE = YES_ERROR;
				CLANG_WARN_DOCUMENTATION_COMMENTS = YES;
				CLANG_WARN_EMPTY_BODY = YES;
				CLANG_WARN_ENUM_CONVERSION = YES;
				CLANG_WARN_INFINITE_RECURSION = YES;
				CLANG_WARN_INT_CONVERSION = YES;
				CLANG_WARN_NON_LITERAL_NULL_CONVERSION = YES;
				CLANG_WARN_OBJC_IMPLICIT_RETAIN_SELF = YES;
				CLANG_WARN_OBJC_LITERAL_CONVERSION = YES;
				CLANG_WARN_OBJC_ROOT_CLASS = YES_ERROR;
				CLANG_WARN_QUOTED_INCLUDE_IN_FRAMEWORK_HEADER = YES;
				CLANG_WARN_RANGE_LOOP_ANALYSIS = YES;
				CLANG_WARN_STRICT_PROTOTYPES = YES;
				CLANG_WARN_SUSPICIOUS_MOVE = YES;
				CLANG_WARN_UNGUARDED_AVAILABILITY = YES_AGGRESSIVE;
				CLANG_WARN_UNREACHABLE_CODE = YES;
				CLANG_WARN__DUPLICATE_METHOD_MATCH = YES;
				COPY_PHASE_STRIP = NO;
				DEBUG_INFORMATION_FORMAT = dwarf;
				ENABLE_STRICT_OBJC_MSGSEND = YES;
				ENABLE_TESTABILITY = YES;
				GCC_C_LANGUAGE_STANDARD = gnu11;
				GCC_DYNAMIC_NO_PIC = NO;
				GCC_NO_COMMON_BLOCKS = YES;
				GCC_OPTIMIZATION_LEVEL = 0;
				GCC_PREPROCESSOR_DEFINITIONS = (
					"DEBUG=1",
					"$(inherited)",
				);
				GCC_WARN_64_TO_32_BIT_CONVERSION = YES;
				GCC_WARN_ABOUT_RETURN_TYPE = YES_ERROR;
				GCC_WARN_UNDECLARED_SELECTOR = YES;
				GCC_WARN_UNINITIALIZED_AUTOS = YES_AGGRESSIVE;
				GCC_WARN_UNUSED_FUNCTION = YES;
				GCC_WARN_UNUSED_VARIABLE = YES;
				IPHONEOS_DEPLOYMENT_TARGET = 14.5;
				MTL_ENABLE_DEBUG_INFO = INCLUDE_SOURCE;
				MTL_FAST_MATH = YES;
				ONLY_ACTIVE_ARCH = YES;
				SDKROOT = iphoneos;
				SWIFT_ACTIVE_COMPILATION_CONDITIONS = DEBUG;
				SWIFT_OPTIMIZATION_LEVEL = "-Onone";
			};
			name = Debug;
		};
		98A196C0267B232500A4E694 /* Release */ = {
			isa = XCBuildConfiguration;
			buildSettings = {
				ALWAYS_SEARCH_USER_PATHS = NO;
				CLANG_ANALYZER_NONNULL = YES;
				CLANG_ANALYZER_NUMBER_OBJECT_CONVERSION = YES_AGGRESSIVE;
				CLANG_CXX_LANGUAGE_STANDARD = "gnu++14";
				CLANG_CXX_LIBRARY = "libc++";
				CLANG_ENABLE_MODULES = YES;
				CLANG_ENABLE_OBJC_ARC = YES;
				CLANG_ENABLE_OBJC_WEAK = YES;
				CLANG_WARN_BLOCK_CAPTURE_AUTORELEASING = YES;
				CLANG_WARN_BOOL_CONVERSION = YES;
				CLANG_WARN_COMMA = YES;
				CLANG_WARN_CONSTANT_CONVERSION = YES;
				CLANG_WARN_DEPRECATED_OBJC_IMPLEMENTATIONS = YES;
				CLANG_WARN_DIRECT_OBJC_ISA_USAGE = YES_ERROR;
				CLANG_WARN_DOCUMENTATION_COMMENTS = YES;
				CLANG_WARN_EMPTY_BODY = YES;
				CLANG_WARN_ENUM_CONVERSION = YES;
				CLANG_WARN_INFINITE_RECURSION = YES;
				CLANG_WARN_INT_CONVERSION = YES;
				CLANG_WARN_NON_LITERAL_NULL_CONVERSION = YES;
				CLANG_WARN_OBJC_IMPLICIT_RETAIN_SELF = YES;
				CLANG_WARN_OBJC_LITERAL_CONVERSION = YES;
				CLANG_WARN_OBJC_ROOT_CLASS = YES_ERROR;
				CLANG_WARN_QUOTED_INCLUDE_IN_FRAMEWORK_HEADER = YES;
				CLANG_WARN_RANGE_LOOP_ANALYSIS = YES;
				CLANG_WARN_STRICT_PROTOTYPES = YES;
				CLANG_WARN_SUSPICIOUS_MOVE = YES;
				CLANG_WARN_UNGUARDED_AVAILABILITY = YES_AGGRESSIVE;
				CLANG_WARN_UNREACHABLE_CODE = YES;
				CLANG_WARN__DUPLICATE_METHOD_MATCH = YES;
				COPY_PHASE_STRIP = NO;
				DEBUG_INFORMATION_FORMAT = "dwarf-with-dsym";
				ENABLE_NS_ASSERTIONS = NO;
				ENABLE_STRICT_OBJC_MSGSEND = YES;
				GCC_C_LANGUAGE_STANDARD = gnu11;
				GCC_NO_COMMON_BLOCKS = YES;
				GCC_WARN_64_TO_32_BIT_CONVERSION = YES;
				GCC_WARN_ABOUT_RETURN_TYPE = YES_ERROR;
				GCC_WARN_UNDECLARED_SELECTOR = YES;
				GCC_WARN_UNINITIALIZED_AUTOS = YES_AGGRESSIVE;
				GCC_WARN_UNUSED_FUNCTION = YES;
				GCC_WARN_UNUSED_VARIABLE = YES;
				IPHONEOS_DEPLOYMENT_TARGET = 14.5;
				MTL_ENABLE_DEBUG_INFO = NO;
				MTL_FAST_MATH = YES;
				SDKROOT = iphoneos;
				SWIFT_COMPILATION_MODE = wholemodule;
				SWIFT_OPTIMIZATION_LEVEL = "-O";
				VALIDATE_PRODUCT = YES;
			};
			name = Release;
		};
		98A196C2267B232500A4E694 /* Debug */ = {
			isa = XCBuildConfiguration;
			baseConfigurationReference = D4FA3EFFE36B44D9BBD82117 /* Pods-Messenger.debug.xcconfig */;
			buildSettings = {
				ASSETCATALOG_COMPILER_APPICON_NAME = AppIcon;
				ASSETCATALOG_COMPILER_GLOBAL_ACCENT_COLOR_NAME = AccentColor;
				CODE_SIGN_IDENTITY = "Apple Development";
				CODE_SIGN_STYLE = Automatic;
				DEVELOPMENT_TEAM = "";
				INFOPLIST_FILE = Messenger/Info.plist;
				IPHONEOS_DEPLOYMENT_TARGET = 13.0;
				LD_RUNPATH_SEARCH_PATHS = (
					"$(inherited)",
					"@executable_path/Frameworks",
				);
				PRODUCT_BUNDLE_IDENTIFIER = com.hellovidev.Messenger;
				PRODUCT_NAME = "$(TARGET_NAME)";
				PROVISIONING_PROFILE_SPECIFIER = "";
				SWIFT_VERSION = 5.0;
				TARGETED_DEVICE_FAMILY = "1,2";
			};
			name = Debug;
		};
		98A196C3267B232500A4E694 /* Release */ = {
			isa = XCBuildConfiguration;
			baseConfigurationReference = E2BC07D6E96D76ED7DB84FFC /* Pods-Messenger.release.xcconfig */;
			buildSettings = {
				ASSETCATALOG_COMPILER_APPICON_NAME = AppIcon;
				ASSETCATALOG_COMPILER_GLOBAL_ACCENT_COLOR_NAME = AccentColor;
				CODE_SIGN_IDENTITY = "Apple Development";
				CODE_SIGN_STYLE = Automatic;
				DEVELOPMENT_TEAM = "";
				INFOPLIST_FILE = Messenger/Info.plist;
				IPHONEOS_DEPLOYMENT_TARGET = 13.0;
				LD_RUNPATH_SEARCH_PATHS = (
					"$(inherited)",
					"@executable_path/Frameworks",
				);
				PRODUCT_BUNDLE_IDENTIFIER = com.hellovidev.Messenger;
				PRODUCT_NAME = "$(TARGET_NAME)";
				PROVISIONING_PROFILE_SPECIFIER = "";
				SWIFT_VERSION = 5.0;
				TARGETED_DEVICE_FAMILY = "1,2";
			};
			name = Release;
		};
/* End XCBuildConfiguration section */

/* Begin XCConfigurationList section */
		98A196A8267B232300A4E694 /* Build configuration list for PBXProject "Messenger" */ = {
			isa = XCConfigurationList;
			buildConfigurations = (
				98A196BF267B232500A4E694 /* Debug */,
				98A196C0267B232500A4E694 /* Release */,
			);
			defaultConfigurationIsVisible = 0;
			defaultConfigurationName = Release;
		};
		98A196C1267B232500A4E694 /* Build configuration list for PBXNativeTarget "Messenger" */ = {
			isa = XCConfigurationList;
			buildConfigurations = (
				98A196C2267B232500A4E694 /* Debug */,
				98A196C3267B232500A4E694 /* Release */,
			);
			defaultConfigurationIsVisible = 0;
			defaultConfigurationName = Release;
		};
/* End XCConfigurationList section */
	};
	rootObject = 98A196A5267B232300A4E694 /* Project object */;
}
